
Microsoft Visual Studio Solution File, Format Version 12.00
# Visual Studio 15
VisualStudioVersion = 15.0.28307.329
MinimumVisualStudioVersion = 10.0.40219.1
Project("{FAE04EC0-301F-11D3-BF4B-00C04F79EFBC}") = "ConsoleMarsRover", "ConsoleMarsRover\ConsoleMarsRover.csproj", "{F6AE5178-1879-42E6-BAA6-08AFD78A6B73}"
EndProject
Project("{FAE04EC0-301F-11D3-BF4B-00C04F79EFBC}") = "MarsRoverAppLib", "MarsRoverAppLib\MarsRoverAppLib.csproj", "{5DA8AD5E-038A-4A76-9329-A689EF9AF797}"
EndProject
Project("{FAE04EC0-301F-11D3-BF4B-00C04F79EFBC}") = "MarsRover.UnitTests", "MarsRover.UnitTests\MarsRover.UnitTests.csproj", "{89EFA440-8E61-41C5-A90A-2CDB453D160E}"
EndProject
Global
	GlobalSection(SolutionConfigurationPlatforms) = preSolution
		Debug|Any CPU = Debug|Any CPU
		Release|Any CPU = Release|Any CPU
	EndGlobalSection
	GlobalSection(ProjectConfigurationPlatforms) = postSolution
		{F6AE5178-1879-42E6-BAA6-08AFD78A6B73}.Debug|Any CPU.ActiveCfg = Debug|Any CPU
		{F6AE5178-1879-42E6-BAA6-08AFD78A6B73}.Debug|Any CPU.Build.0 = Debug|Any CPU
		{F6AE5178-1879-42E6-BAA6-08AFD78A6B73}.Release|Any CPU.ActiveCfg = Release|Any CPU
		{F6AE5178-1879-42E6-BAA6-08AFD78A6B73}.Release|Any CPU.Build.0 = Release|Any CPU
		{5DA8AD5E-038A-4A76-9329-A689EF9AF797}.Debug|Any CPU.ActiveCfg = Debug|Any CPU
		{5DA8AD5E-038A-4A76-9329-A689EF9AF797}.Debug|Any CPU.Build.0 = Debug|Any CPU
		{5DA8AD5E-038A-4A76-9329-A689EF9AF797}.Release|Any CPU.ActiveCfg = Release|Any CPU
		{5DA8AD5E-038A-4A76-9329-A689EF9AF797}.Release|Any CPU.Build.0 = Release|Any CPU
		{89EFA440-8E61-41C5-A90A-2CDB453D160E}.Debug|Any CPU.ActiveCfg = Debug|Any CPU
		{89EFA440-8E61-41C5-A90A-2CDB453D160E}.Debug|Any CPU.Build.0 = Debug|Any CPU
		{89EFA440-8E61-41C5-A90A-2CDB453D160E}.Release|Any CPU.ActiveCfg = Release|Any CPU
		{89EFA440-8E61-41C5-A90A-2CDB453D160E}.Release|Any CPU.Build.0 = Release|Any CPU
	EndGlobalSection
	GlobalSection(SolutionProperties) = preSolution
		HideSolutionNode = FALSE
	EndGlobalSection
	GlobalSection(ExtensibilityGlobals) = postSolution
		SolutionGuid = {981901EE-CFA6-4ABE-8402-36F01ED47DD1}
	EndGlobalSection
EndGlobal
